// !$*UTF8*$!
{
	archiveVersion = 1;
	classes = {
	};
	objectVersion = 56;
	objects = {

/* Begin PBXBuildFile section */
		B335CF832A36CA910068BD74 /* AppDelegate.m in Sources */ = {isa = PBXBuildFile; fileRef = B335CF822A36CA910068BD74 /* AppDelegate.m */; };
		B335CF892A36CA910068BD74 /* ViewController.m in Sources */ = {isa = PBXBuildFile; fileRef = B335CF882A36CA910068BD74 /* ViewController.m */; };
		B335CF8C2A36CA910068BD74 /* Main.storyboard in Resources */ = {isa = PBXBuildFile; fileRef = B335CF8A2A36CA910068BD74 /* Main.storyboard */; };
		B335CF8E2A36CA910068BD74 /* Assets.xcassets in Resources */ = {isa = PBXBuildFile; fileRef = B335CF8D2A36CA910068BD74 /* Assets.xcassets */; };
		B335CF912A36CA910068BD74 /* LaunchScreen.storyboard in Resources */ = {isa = PBXBuildFile; fileRef = B335CF8F2A36CA910068BD74 /* LaunchScreen.storyboard */; };
		B335CF942A36CA910068BD74 /* main.m in Sources */ = {isa = PBXBuildFile; fileRef = B335CF932A36CA910068BD74 /* main.m */; };
		B335CF9E2A36CA920068BD74 /* WaveDemoTests.m in Sources */ = {isa = PBXBuildFile; fileRef = B335CF9D2A36CA920068BD74 /* WaveDemoTests.m */; };
		B335CFA82A36CA920068BD74 /* WaveDemoUITests.m in Sources */ = {isa = PBXBuildFile; fileRef = B335CFA72A36CA920068BD74 /* WaveDemoUITests.m */; };
		B335CFAA2A36CA920068BD74 /* WaveDemoUITestsLaunchTests.m in Sources */ = {isa = PBXBuildFile; fileRef = B335CFA92A36CA920068BD74 /* WaveDemoUITestsLaunchTests.m */; };
		B335CFC72A36EE680068BD74 /* ZXSFingerWaveWindow.m in Sources */ = {isa = PBXBuildFile; fileRef = B335CFC32A36EE680068BD74 /* ZXSFingerWaveWindow.m */; };
		B335CFC82A36EE680068BD74 /* ZXSFingerWaveViewController.m in Sources */ = {isa = PBXBuildFile; fileRef = B335CFC42A36EE680068BD74 /* ZXSFingerWaveViewController.m */; };
		B335CFC92A36EE680068BD74 /* ZXSFingerWaveView.m in Sources */ = {isa = PBXBuildFile; fileRef = B335CFC52A36EE680068BD74 /* ZXSFingerWaveView.m */; };
/* End PBXBuildFile section */

/* Begin PBXContainerItemProxy section */
		B335CF9A2A36CA920068BD74 /* PBXContainerItemProxy */ = {
			isa = PBXContainerItemProxy;
			containerPortal = B335CF762A36CA910068BD74 /* Project object */;
			proxyType = 1;
			remoteGlobalIDString = B335CF7D2A36CA910068BD74;
			remoteInfo = WaveDemo;
		};
		B335CFA42A36CA920068BD74 /* PBXContainerItemProxy */ = {
			isa = PBXContainerItemProxy;
			containerPortal = B335CF762A36CA910068BD74 /* Project object */;
			proxyType = 1;
			remoteGlobalIDString = B335CF7D2A36CA910068BD74;
			remoteInfo = WaveDemo;
		};
/* End PBXContainerItemProxy section */

/* Begin PBXFileReference section */
		B335CF7E2A36CA910068BD74 /* WaveDemo.app */ = {isa = PBXFileReference; explicitFileType = wrapper.application; includeInIndex = 0; path = WaveDemo.app; sourceTree = BUILT_PRODUCTS_DIR; };
		B335CF812A36CA910068BD74 /* AppDelegate.h */ = {isa = PBXFileReference; lastKnownFileType = sourcecode.c.h; path = AppDelegate.h; sourceTree = "<group>"; };
		B335CF822A36CA910068BD74 /* AppDelegate.m */ = {isa = PBXFileReference; lastKnownFileType = sourcecode.c.objc; path = AppDelegate.m; sourceTree = "<group>"; };
		B335CF872A36CA910068BD74 /* ViewController.h */ = {isa = PBXFileReference; lastKnownFileType = sourcecode.c.h; path = ViewController.h; sourceTree = "<group>"; };
		B335CF882A36CA910068BD74 /* ViewController.m */ = {isa = PBXFileReference; lastKnownFileType = sourcecode.c.objc; path = ViewController.m; sourceTree = "<group>"; };
		B335CF8B2A36CA910068BD74 /* Base */ = {isa = PBXFileReference; lastKnownFileType = file.storyboard; name = Base; path = Base.lproj/Main.storyboard; sourceTree = "<group>"; };
		B335CF8D2A36CA910068BD74 /* Assets.xcassets */ = {isa = PBXFileReference; lastKnownFileType = folder.assetcatalog; path = Assets.xcassets; sourceTree = "<group>"; };
		B335CF902A36CA910068BD74 /* Base */ = {isa = PBXFileReference; lastKnownFileType = file.storyboard; name = Base; path = Base.lproj/LaunchScreen.storyboard; sourceTree = "<group>"; };
		B335CF922A36CA910068BD74 /* Info.plist */ = {isa = PBXFileReference; lastKnownFileType = text.plist.xml; path = Info.plist; sourceTree = "<group>"; };
		B335CF932A36CA910068BD74 /* main.m */ = {isa = PBXFileReference; lastKnownFileType = sourcecode.c.objc; path = main.m; sourceTree = "<group>"; };
		B335CF992A36CA920068BD74 /* WaveDemoTests.xctest */ = {isa = PBXFileReference; explicitFileType = wrapper.cfbundle; includeInIndex = 0; path = WaveDemoTests.xctest; sourceTree = BUILT_PRODUCTS_DIR; };
		B335CF9D2A36CA920068BD74 /* WaveDemoTests.m */ = {isa = PBXFileReference; lastKnownFileType = sourcecode.c.objc; path = WaveDemoTests.m; sourceTree = "<group>"; };
		B335CFA32A36CA920068BD74 /* WaveDemoUITests.xctest */ = {isa = PBXFileReference; explicitFileType = wrapper.cfbundle; includeInIndex = 0; path = WaveDemoUITests.xctest; sourceTree = BUILT_PRODUCTS_DIR; };
		B335CFA72A36CA920068BD74 /* WaveDemoUITests.m */ = {isa = PBXFileReference; lastKnownFileType = sourcecode.c.objc; path = WaveDemoUITests.m; sourceTree = "<group>"; };
		B335CFA92A36CA920068BD74 /* WaveDemoUITestsLaunchTests.m */ = {isa = PBXFileReference; lastKnownFileType = sourcecode.c.objc; path = WaveDemoUITestsLaunchTests.m; sourceTree = "<group>"; };
		B335CFC12A36EE680068BD74 /* ZXSFingerWaveView.h */ = {isa = PBXFileReference; fileEncoding = 4; lastKnownFileType = sourcecode.c.h; path = ZXSFingerWaveView.h; sourceTree = "<group>"; };
		B335CFC22A36EE680068BD74 /* ZXSFingerWaveViewController.h */ = {isa = PBXFileReference; fileEncoding = 4; lastKnownFileType = sourcecode.c.h; path = ZXSFingerWaveViewController.h; sourceTree = "<group>"; };
		B335CFC32A36EE680068BD74 /* ZXSFingerWaveWindow.m */ = {isa = PBXFileReference; fileEncoding = 4; lastKnownFileType = sourcecode.c.objc; path = ZXSFingerWaveWindow.m; sourceTree = "<group>"; };
		B335CFC42A36EE680068BD74 /* ZXSFingerWaveViewController.m */ = {isa = PBXFileReference; fileEncoding = 4; lastKnownFileType = sourcecode.c.objc; path = ZXSFingerWaveViewController.m; sourceTree = "<group>"; };
		B335CFC52A36EE680068BD74 /* ZXSFingerWaveView.m */ = {isa = PBXFileReference; fileEncoding = 4; lastKnownFileType = sourcecode.c.objc; path = ZXSFingerWaveView.m; sourceTree = "<group>"; };
		B335CFC62A36EE680068BD74 /* ZXSFingerWaveWindow.h */ = {isa = PBXFileReference; fileEncoding = 4; lastKnownFileType = sourcecode.c.h; path = ZXSFingerWaveWindow.h; sourceTree = "<group>"; };
/* End PBXFileReference section */

/* Begin PBXFrameworksBuildPhase section */
		B335CF7B2A36CA910068BD74 /* Frameworks */ = {
			isa = PBXFrameworksBuildPhase;
			buildActionMask = 2147483647;
			files = (
			);
			runOnlyForDeploymentPostprocessing = 0;
		};
		B335CF962A36CA920068BD74 /* Frameworks */ = {
			isa = PBXFrameworksBuildPhase;
			buildActionMask = 2147483647;
			files = (
			);
			runOnlyForDeploymentPostprocessing = 0;
		};
		B335CFA02A36CA920068BD74 /* Frameworks */ = {
			isa = PBXFrameworksBuildPhase;
			buildActionMask = 2147483647;
			files = (
			);
			runOnlyForDeploymentPostprocessing = 0;
		};
/* End PBXFrameworksBuildPhase section */

/* Begin PBXGroup section */
		B335CF752A36CA910068BD74 = {
			isa = PBXGroup;
			children = (
				B335CF802A36CA910068BD74 /* WaveDemo */,
				B335CF9C2A36CA920068BD74 /* WaveDemoTests */,
				B335CFA62A36CA920068BD74 /* WaveDemoUITests */,
				B335CF7F2A36CA910068BD74 /* Products */,
			);
			sourceTree = "<group>";
		};
		B335CF7F2A36CA910068BD74 /* Products */ = {
			isa = PBXGroup;
			children = (
				B335CF7E2A36CA910068BD74 /* WaveDemo.app */,
				B335CF992A36CA920068BD74 /* WaveDemoTests.xctest */,
				B335CFA32A36CA920068BD74 /* WaveDemoUITests.xctest */,
			);
			name = Products;
			sourceTree = "<group>";
		};
		B335CF802A36CA910068BD74 /* WaveDemo */ = {
			isa = PBXGroup;
			children = (
				B335CFC02A36EE680068BD74 /* Wave */,
				B335CF812A36CA910068BD74 /* AppDelegate.h */,
				B335CF822A36CA910068BD74 /* AppDelegate.m */,
				B335CF872A36CA910068BD74 /* ViewController.h */,
				B335CF882A36CA910068BD74 /* ViewController.m */,
				B335CF8A2A36CA910068BD74 /* Main.storyboard */,
				B335CF8D2A36CA910068BD74 /* Assets.xcassets */,
				B335CF8F2A36CA910068BD74 /* LaunchScreen.storyboard */,
				B335CF922A36CA910068BD74 /* Info.plist */,
				B335CF932A36CA910068BD74 /* main.m */,
			);
			path = WaveDemo;
			sourceTree = "<group>";
		};
		B335CF9C2A36CA920068BD74 /* WaveDemoTests */ = {
			isa = PBXGroup;
			children = (
				B335CF9D2A36CA920068BD74 /* WaveDemoTests.m */,
			);
			path = WaveDemoTests;
			sourceTree = "<group>";
		};
		B335CFA62A36CA920068BD74 /* WaveDemoUITests */ = {
			isa = PBXGroup;
			children = (
				B335CFA72A36CA920068BD74 /* WaveDemoUITests.m */,
				B335CFA92A36CA920068BD74 /* WaveDemoUITestsLaunchTests.m */,
			);
			path = WaveDemoUITests;
			sourceTree = "<group>";
		};
		B335CFC02A36EE680068BD74 /* Wave */ = {
			isa = PBXGroup;
			children = (
				B335CFC12A36EE680068BD74 /* ZXSFingerWaveView.h */,
				B335CFC22A36EE680068BD74 /* ZXSFingerWaveViewController.h */,
				B335CFC32A36EE680068BD74 /* ZXSFingerWaveWindow.m */,
				B335CFC42A36EE680068BD74 /* ZXSFingerWaveViewController.m */,
				B335CFC52A36EE680068BD74 /* ZXSFingerWaveView.m */,
				B335CFC62A36EE680068BD74 /* ZXSFingerWaveWindow.h */,
			);
			name = Wave;
			path = ../../Wave;
			sourceTree = "<group>";
		};
/* End PBXGroup section */

/* Begin PBXNativeTarget section */
		B335CF7D2A36CA910068BD74 /* WaveDemo */ = {
			isa = PBXNativeTarget;
			buildConfigurationList = B335CFAD2A36CA920068BD74 /* Build configuration list for PBXNativeTarget "WaveDemo" */;
			buildPhases = (
				B335CF7A2A36CA910068BD74 /* Sources */,
				B335CF7B2A36CA910068BD74 /* Frameworks */,
				B335CF7C2A36CA910068BD74 /* Resources */,
			);
			buildRules = (
			);
			dependencies = (
			);
			name = WaveDemo;
			productName = WaveDemo;
			productReference = B335CF7E2A36CA910068BD74 /* WaveDemo.app */;
			productType = "com.apple.product-type.application";
		};
		B335CF982A36CA920068BD74 /* WaveDemoTests */ = {
			isa = PBXNativeTarget;
			buildConfigurationList = B335CFB02A36CA920068BD74 /* Build configuration list for PBXNativeTarget "WaveDemoTests" */;
			buildPhases = (
				B335CF952A36CA920068BD74 /* Sources */,
				B335CF962A36CA920068BD74 /* Frameworks */,
				B335CF972A36CA920068BD74 /* Resources */,
			);
			buildRules = (
			);
			dependencies = (
				B335CF9B2A36CA920068BD74 /* PBXTargetDependency */,
			);
			name = WaveDemoTests;
			productName = WaveDemoTests;
			productReference = B335CF992A36CA920068BD74 /* WaveDemoTests.xctest */;
			productType = "com.apple.product-type.bundle.unit-test";
		};
		B335CFA22A36CA920068BD74 /* WaveDemoUITests */ = {
			isa = PBXNativeTarget;
			buildConfigurationList = B335CFB32A36CA920068BD74 /* Build configuration list for PBXNativeTarget "WaveDemoUITests" */;
			buildPhases = (
				B335CF9F2A36CA920068BD74 /* Sources */,
				B335CFA02A36CA920068BD74 /* Frameworks */,
				B335CFA12A36CA920068BD74 /* Resources */,
			);
			buildRules = (
			);
			dependencies = (
				B335CFA52A36CA920068BD74 /* PBXTargetDependency */,
			);
			name = WaveDemoUITests;
			productName = WaveDemoUITests;
			productReference = B335CFA32A36CA920068BD74 /* WaveDemoUITests.xctest */;
			productType = "com.apple.product-type.bundle.ui-testing";
		};
/* End PBXNativeTarget section */

/* Begin PBXProject section */
		B335CF762A36CA910068BD74 /* Project object */ = {
			isa = PBXProject;
			attributes = {
				BuildIndependentTargetsInParallel = 1;
				LastUpgradeCheck = 1430;
				TargetAttributes = {
					B335CF7D2A36CA910068BD74 = {
						CreatedOnToolsVersion = 14.3.1;
					};
					B335CF982A36CA920068BD74 = {
						CreatedOnToolsVersion = 14.3.1;
						TestTargetID = B335CF7D2A36CA910068BD74;
					};
					B335CFA22A36CA920068BD74 = {
						CreatedOnToolsVersion = 14.3.1;
						TestTargetID = B335CF7D2A36CA910068BD74;
					};
				};
			};
			buildConfigurationList = B335CF792A36CA910068BD74 /* Build configuration list for PBXProject "WaveDemo" */;
			compatibilityVersion = "Xcode 14.0";
			developmentRegion = en;
			hasScannedForEncodings = 0;
			knownRegions = (
				en,
				Base,
			);
			mainGroup = B335CF752A36CA910068BD74;
			productRefGroup = B335CF7F2A36CA910068BD74 /* Products */;
			projectDirPath = "";
			projectRoot = "";
			targets = (
				B335CF7D2A36CA910068BD74 /* WaveDemo */,
				B335CF982A36CA920068BD74 /* WaveDemoTests */,
				B335CFA22A36CA920068BD74 /* WaveDemoUITests */,
			);
		};
/* End PBXProject section */

/* Begin PBXResourcesBuildPhase section */
		B335CF7C2A36CA910068BD74 /* Resources */ = {
			isa = PBXResourcesBuildPhase;
			buildActionMask = 2147483647;
			files = (
				B335CF912A36CA910068BD74 /* LaunchScreen.storyboard in Resources */,
				B335CF8E2A36CA910068BD74 /* Assets.xcassets in Resources */,
				B335CF8C2A36CA910068BD74 /* Main.storyboard in Resources */,
			);
			runOnlyForDeploymentPostprocessing = 0;
		};
		B335CF972A36CA920068BD74 /* Resources */ = {
			isa = PBXResourcesBuildPhase;
			buildActionMask = 2147483647;
			files = (
			);
			runOnlyForDeploymentPostprocessing = 0;
		};
		B335CFA12A36CA920068BD74 /* Resources */ = {
			isa = PBXResourcesBuildPhase;
			buildActionMask = 2147483647;
			files = (
			);
			runOnlyForDeploymentPostprocessing = 0;
		};
/* End PBXResourcesBuildPhase section */

/* Begin PBXSourcesBuildPhase section */
		B335CF7A2A36CA910068BD74 /* Sources */ = {
			isa = PBXSourcesBuildPhase;
			buildActionMask = 2147483647;
			files = (
				B335CFC92A36EE680068BD74 /* ZXSFingerWaveView.m in Sources */,
				B335CFC82A36EE680068BD74 /* ZXSFingerWaveViewController.m in Sources */,
				B335CF892A36CA910068BD74 /* ViewController.m in Sources */,
				B335CF832A36CA910068BD74 /* AppDelegate.m in Sources */,
				B335CF942A36CA910068BD74 /* main.m in Sources */,
				B335CFC72A36EE680068BD74 /* ZXSFingerWaveWindow.m in Sources */,
			);
			runOnlyForDeploymentPostprocessing = 0;
		};
		B335CF952A36CA920068BD74 /* Sources */ = {
			isa = PBXSourcesBuildPhase;
			buildActionMask = 2147483647;
			files = (
				B335CF9E2A36CA920068BD74 /* WaveDemoTests.m in Sources */,
			);
			runOnlyForDeploymentPostprocessing = 0;
		};
		B335CF9F2A36CA920068BD74 /* Sources */ = {
			isa = PBXSourcesBuildPhase;
			buildActionMask = 2147483647;
			files = (
				B335CFAA2A36CA920068BD74 /* WaveDemoUITestsLaunchTests.m in Sources */,
				B335CFA82A36CA920068BD74 /* WaveDemoUITests.m in Sources */,
			);
			runOnlyForDeploymentPostprocessing = 0;
		};
/* End PBXSourcesBuildPhase section */

/* Begin PBXTargetDependency section */
		B335CF9B2A36CA920068BD74 /* PBXTargetDependency */ = {
			isa = PBXTargetDependency;
			target = B335CF7D2A36CA910068BD74 /* WaveDemo */;
			targetProxy = B335CF9A2A36CA920068BD74 /* PBXContainerItemProxy */;
		};
		B335CFA52A36CA920068BD74 /* PBXTargetDependency */ = {
			isa = PBXTargetDependency;
			target = B335CF7D2A36CA910068BD74 /* WaveDemo */;
			targetProxy = B335CFA42A36CA920068BD74 /* PBXContainerItemProxy */;
		};
/* End PBXTargetDependency section */

/* Begin PBXVariantGroup section */
		B335CF8A2A36CA910068BD74 /* Main.storyboard */ = {
			isa = PBXVariantGroup;
			children = (
				B335CF8B2A36CA910068BD74 /* Base */,
			);
			name = Main.storyboard;
			sourceTree = "<group>";
		};
		B335CF8F2A36CA910068BD74 /* LaunchScreen.storyboard */ = {
			isa = PBXVariantGroup;
			children = (
				B335CF902A36CA910068BD74 /* Base */,
			);
			name = LaunchScreen.storyboard;
			sourceTree = "<group>";
		};
/* End PBXVariantGroup section */

/* Begin XCBuildConfiguration section */
		B335CFAB2A36CA920068BD74 /* Debug */ = {
			isa = XCBuildConfiguration;
			buildSettings = {
				ALWAYS_SEARCH_USER_PATHS = NO;
				CLANG_ANALYZER_NONNULL = YES;
				CLANG_ANALYZER_NUMBER_OBJECT_CONVERSION = YES_AGGRESSIVE;
				CLANG_CXX_LANGUAGE_STANDARD = "gnu++20";
				CLANG_ENABLE_MODULES = YES;
				CLANG_ENABLE_OBJC_ARC = YES;
				CLANG_ENABLE_OBJC_WEAK = YES;
				CLANG_WARN_BLOCK_CAPTURE_AUTORELEASING = YES;
				CLANG_WARN_BOOL_CONVERSION = YES;
				CLANG_WARN_COMMA = YES;
				CLANG_WARN_CONSTANT_CONVERSION = YES;
				CLANG_WARN_DEPRECATED_OBJC_IMPLEMENTATIONS = YES;
				CLANG_WARN_DIRECT_OBJC_ISA_USAGE = YES_ERROR;
				CLANG_WARN_DOCUMENTATION_COMMENTS = YES;
				CLANG_WARN_EMPTY_BODY = YES;
				CLANG_WARN_ENUM_CONVERSION = YES;
				CLANG_WARN_INFINITE_RECURSION = YES;
				CLANG_WARN_INT_CONVERSION = YES;
				CLANG_WARN_NON_LITERAL_NULL_CONVERSION = YES;
				CLANG_WARN_OBJC_IMPLICIT_RETAIN_SELF = YES;
				CLANG_WARN_OBJC_LITERAL_CONVERSION = YES;
				CLANG_WARN_OBJC_ROOT_CLASS = YES_ERROR;
				CLANG_WARN_QUOTED_INCLUDE_IN_FRAMEWORK_HEADER = YES;
				CLANG_WARN_RANGE_LOOP_ANALYSIS = YES;
				CLANG_WARN_STRICT_PROTOTYPES = YES;
				CLANG_WARN_SUSPICIOUS_MOVE = YES;
				CLANG_WARN_UNGUARDED_AVAILABILITY = YES_AGGRESSIVE;
				CLANG_WARN_UNREACHABLE_CODE = YES;
				CLANG_WARN__DUPLICATE_METHOD_MATCH = YES;
				COPY_PHASE_STRIP = NO;
				DEBUG_INFORMATION_FORMAT = dwarf;
				ENABLE_STRICT_OBJC_MSGSEND = YES;
				ENABLE_TESTABILITY = YES;
				GCC_C_LANGUAGE_STANDARD = gnu11;
				GCC_DYNAMIC_NO_PIC = NO;
				GCC_NO_COMMON_BLOCKS = YES;
				GCC_OPTIMIZATION_LEVEL = 0;
				GCC_PREPROCESSOR_DEFINITIONS = (
					"DEBUG=1",
					"$(inherited)",
				);
				GCC_WARN_64_TO_32_BIT_CONVERSION = YES;
				GCC_WARN_ABOUT_RETURN_TYPE = YES_ERROR;
				GCC_WARN_UNDECLARED_SELECTOR = YES;
				GCC_WARN_UNINITIALIZED_AUTOS = YES_AGGRESSIVE;
				GCC_WARN_UNUSED_FUNCTION = YES;
				GCC_WARN_UNUSED_VARIABLE = YES;
				IPHONEOS_DEPLOYMENT_TARGET = 16.4;
				MTL_ENABLE_DEBUG_INFO = INCLUDE_SOURCE;
				MTL_FAST_MATH = YES;
				ONLY_ACTIVE_ARCH = YES;
				SDKROOT = iphoneos;
			};
			name = Debug;
		};
		B335CFAC2A36CA920068BD74 /* Release */ = {
			isa = XCBuildConfiguration;
			buildSettings = {
				ALWAYS_SEARCH_USER_PATHS = NO;
				CLANG_ANALYZER_NONNULL = YES;
				CLANG_ANALYZER_NUMBER_OBJECT_CONVERSION = YES_AGGRESSIVE;
				CLANG_CXX_LANGUAGE_STANDARD = "gnu++20";
				CLANG_ENABLE_MODULES = YES;
				CLANG_ENABLE_OBJC_ARC = YES;
				CLANG_ENABLE_OBJC_WEAK = YES;
				CLANG_WARN_BLOCK_CAPTURE_AUTORELEASING = YES;
				CLANG_WARN_BOOL_CONVERSION = YES;
				CLANG_WARN_COMMA = YES;
				CLANG_WARN_CONSTANT_CONVERSION = YES;
				CLANG_WARN_DEPRECATED_OBJC_IMPLEMENTATIONS = YES;
				CLANG_WARN_DIRECT_OBJC_ISA_USAGE = YES_ERROR;
				CLANG_WARN_DOCUMENTATION_COMMENTS = YES;
				CLANG_WARN_EMPTY_BODY = YES;
				CLANG_WARN_ENUM_CONVERSION = YES;
				CLANG_WARN_INFINITE_RECURSION = YES;
				CLANG_WARN_INT_CONVERSION = YES;
				CLANG_WARN_NON_LITERAL_NULL_CONVERSION = YES;
				CLANG_WARN_OBJC_IMPLICIT_RETAIN_SELF = YES;
				CLANG_WARN_OBJC_LITERAL_CONVERSION = YES;
				CLANG_WARN_OBJC_ROOT_CLASS = YES_ERROR;
				CLANG_WARN_QUOTED_INCLUDE_IN_FRAMEWORK_HEADER = YES;
				CLANG_WARN_RANGE_LOOP_ANALYSIS = YES;
				CLANG_WARN_STRICT_PROTOTYPES = YES;
				CLANG_WARN_SUSPICIOUS_MOVE = YES;
				CLANG_WARN_UNGUARDED_AVAILABILITY = YES_AGGRESSIVE;
				CLANG_WARN_UNREACHABLE_CODE = YES;
				CLANG_WARN__DUPLICATE_METHOD_MATCH = YES;
				COPY_PHASE_STRIP = NO;
				DEBUG_INFORMATION_FORMAT = "dwarf-with-dsym";
				ENABLE_NS_ASSERTIONS = NO;
				ENABLE_STRICT_OBJC_MSGSEND = YES;
				GCC_C_LANGUAGE_STANDARD = gnu11;
				GCC_NO_COMMON_BLOCKS = YES;
				GCC_WARN_64_TO_32_BIT_CONVERSION = YES;
				GCC_WARN_ABOUT_RETURN_TYPE = YES_ERROR;
				GCC_WARN_UNDECLARED_SELECTOR = YES;
				GCC_WARN_UNINITIALIZED_AUTOS = YES_AGGRESSIVE;
				GCC_WARN_UNUSED_FUNCTION = YES;
				GCC_WARN_UNUSED_VARIABLE = YES;
				IPHONEOS_DEPLOYMENT_TARGET = 16.4;
				MTL_ENABLE_DEBUG_INFO = NO;
				MTL_FAST_MATH = YES;
				SDKROOT = iphoneos;
				VALIDATE_PRODUCT = YES;
			};
			name = Release;
		};
		B335CFAE2A36CA920068BD74 /* Debug */ = {
			isa = XCBuildConfiguration;
			buildSettings = {
				ASSETCATALOG_COMPILER_APPICON_NAME = AppIcon;
				ASSETCATALOG_COMPILER_GLOBAL_ACCENT_COLOR_NAME = AccentColor;
				CODE_SIGN_STYLE = Automatic;
				CURRENT_PROJECT_VERSION = 1;
				GENERATE_INFOPLIST_FILE = YES;
				INFOPLIST_FILE = WaveDemo/Info.plist;
				INFOPLIST_KEY_UIApplicationSupportsIndirectInputEvents = YES;
				INFOPLIST_KEY_UILaunchStoryboardName = LaunchScreen;
				INFOPLIST_KEY_UIMainStoryboardFile = Main;
				INFOPLIST_KEY_UISupportedInterfaceOrientations_iPad = "UIInterfaceOrientationPortrait UIInterfaceOrientationPortraitUpsideDown UIInterfaceOrientationLandscapeLeft UIInterfaceOrientationLandscapeRight";
				INFOPLIST_KEY_UISupportedInterfaceOrientations_iPhone = "UIInterfaceOrientationPortrait UIInterfaceOrientationLandscapeLeft UIInterfaceOrientationLandscapeRight";
				LD_RUNPATH_SEARCH_PATHS = (
					"$(inherited)",
					"@executable_path/Frameworks",
				);
				MARKETING_VERSION = 1.0;
				PRODUCT_BUNDLE_IDENTIFIER = com.zxs.WaveDemo;
				PRODUCT_NAME = "$(TARGET_NAME)";
				SWIFT_EMIT_LOC_STRINGS = YES;
				TARGETED_DEVICE_FAMILY = "1,2";
			};
			name = Debug;
		};
		B335CFAF2A36CA920068BD74 /* Release */ = {
			isa = XCBuildConfiguration;
			buildSettings = {
				ASSETCATALOG_COMPILER_APPICON_NAME = AppIcon;
				ASSETCATALOG_COMPILER_GLOBAL_ACCENT_COLOR_NAME = AccentColor;
				CODE_SIGN_STYLE = Automatic;
				CURRENT_PROJECT_VERSION = 1;
				GENERATE_INFOPLIST_FILE = YES;
				INFOPLIST_FILE = WaveDemo/Info.plist;
				INFOPLIST_KEY_UIApplicationSupportsIndirectInputEvents = YES;
				INFOPLIST_KEY_UILaunchStoryboardName = LaunchScreen;
				INFOPLIST_KEY_UIMainStoryboardFile = Main;
				INFOPLIST_KEY_UISupportedInterfaceOrientations_iPad = "UIInterfaceOrientationPortrait UIInterfaceOrientationPortraitUpsideDown UIInterfaceOrientationLandscapeLeft UIInterfaceOrientationLandscapeRight";
				INFOPLIST_KEY_UISupportedInterfaceOrientations_iPhone = "UIInterfaceOrientationPortrait UIInterfaceOrientationLandscapeLeft UIInterfaceOrientationLandscapeRight";
				LD_RUNPATH_SEARCH_PATHS = (
					"$(inherited)",
					"@executable_path/Frameworks",
				);
				MARKETING_VERSION = 1.0;
				PRODUCT_BUNDLE_IDENTIFIER = com.zxs.WaveDemo;
				PRODUCT_NAME = "$(TARGET_NAME)";
				SWIFT_EMIT_LOC_STRINGS = YES;
				TARGETED_DEVICE_FAMILY = "1,2";
			};
			name = Release;
		};
		B335CFB12A36CA920068BD74 /* Debug */ = {
			isa = XCBuildConfiguration;
			buildSettings = {
				BUNDLE_LOADER = "$(TEST_HOST)";
				CODE_SIGN_STYLE = Automatic;
				CURRENT_PROJECT_VERSION = 1;
				GENERATE_INFOPLIST_FILE = YES;
				IPHONEOS_DEPLOYMENT_TARGET = 16.4;
				MARKETING_VERSION = 1.0;
				PRODUCT_BUNDLE_IDENTIFIER = com.zxs.WaveDemoTests;
				PRODUCT_NAME = "$(TARGET_NAME)";
				SWIFT_EMIT_LOC_STRINGS = NO;
				TARGETED_DEVICE_FAMILY = "1,2";
				TEST_HOST = "$(BUILT_PRODUCTS_DIR)/WaveDemo.app/$(BUNDLE_EXECUTABLE_FOLDER_PATH)/WaveDemo";
			};
			name = Debug;
		};
		B335CFB22A36CA920068BD74 /* Release */ = {
			isa = XCBuildConfiguration;
			buildSettings = {
				BUNDLE_LOADER = "$(TEST_HOST)";
				CODE_SIGN_STYLE = Automatic;
				CURRENT_PROJECT_VERSION = 1;
				GENERATE_INFOPLIST_FILE = YES;
				IPHONEOS_DEPLOYMENT_TARGET = 16.4;
				MARKETING_VERSION = 1.0;
				PRODUCT_BUNDLE_IDENTIFIER = com.zxs.WaveDemoTests;
				PRODUCT_NAME = "$(TARGET_NAME)";
				SWIFT_EMIT_LOC_STRINGS = NO;
				TARGETED_DEVICE_FAMILY = "1,2";
				TEST_HOST = "$(BUILT_PRODUCTS_DIR)/WaveDemo.app/$(BUNDLE_EXECUTABLE_FOLDER_PATH)/WaveDemo";
			};
			name = Release;
		};
		B335CFB42A36CA920068BD74 /* Debug */ = {
			isa = XCBuildConfiguration;
			buildSettings = {
				CODE_SIGN_STYLE = Automatic;
				CURRENT_PROJECT_VERSION = 1;
				GENERATE_INFOPLIST_FILE = YES;
				MARKETING_VERSION = 1.0;
				PRODUCT_BUNDLE_IDENTIFIER = com.zxs.WaveDemoUITests;
				PRODUCT_NAME = "$(TARGET_NAME)";
				SWIFT_EMIT_LOC_STRINGS = NO;
				TARGETED_DEVICE_FAMILY = "1,2";
				TEST_TARGET_NAME = WaveDemo;
			};
			name = Debug;
		};
		B335CFB52A36CA920068BD74 /* Release */ = {
			isa = XCBuildConfiguration;
			buildSettings = {
				CODE_SIGN_STYLE = Automatic;
				CURRENT_PROJECT_VERSION = 1;
				GENERATE_INFOPLIST_FILE = YES;
				MARKETING_VERSION = 1.0;
				PRODUCT_BUNDLE_IDENTIFIER = com.zxs.WaveDemoUITests;
				PRODUCT_NAME = "$(TARGET_NAME)";
				SWIFT_EMIT_LOC_STRINGS = NO;
				TARGETED_DEVICE_FAMILY = "1,2";
				TEST_TARGET_NAME = WaveDemo;
			};
			name = Release;
		};
/* End XCBuildConfiguration section */

/* Begin XCConfigurationList section */
		B335CF792A36CA910068BD74 /* Build configuration list for PBXProject "WaveDemo" */ = {
			isa = XCConfigurationList;
			buildConfigurations = (
				B335CFAB2A36CA920068BD74 /* Debug */,
				B335CFAC2A36CA920068BD74 /* Release */,
			);
			defaultConfigurationIsVisible = 0;
			defaultConfigurationName = Release;
		};
		B335CFAD2A36CA920068BD74 /* Build configuration list for PBXNativeTarget "WaveDemo" */ = {
			isa = XCConfigurationList;
			buildConfigurations = (
				B335CFAE2A36CA920068BD74 /* Debug */,
				B335CFAF2A36CA920068BD74 /* Release */,
			);
			defaultConfigurationIsVisible = 0;
			defaultConfigurationName = Release;
		};
		B335CFB02A36CA920068BD74 /* Build configuration list for PBXNativeTarget "WaveDemoTests" */ = {
			isa = XCConfigurationList;
			buildConfigurations = (
				B335CFB12A36CA920068BD74 /* Debug */,
				B335CFB22A36CA920068BD74 /* Release */,
			);
			defaultConfigurationIsVisible = 0;
			defaultConfigurationName = Release;
		};
		B335CFB32A36CA920068BD74 /* Build configuration list for PBXNativeTarget "WaveDemoUITests" */ = {
			isa = XCConfigurationList;
			buildConfigurations = (
				B335CFB42A36CA920068BD74 /* Debug */,
				B335CFB52A36CA920068BD74 /* Release */,
			);
			defaultConfigurationIsVisible = 0;
			defaultConfigurationName = Release;
		};
/* End XCConfigurationList section */
	};
	rootObject = B335CF762A36CA910068BD74 /* Project object */;
}
